// !$*UTF8*$!
{
	archiveVersion = 1;
	classes = {
	};
	objectVersion = 56;
	objects = {

/* Begin PBXBuildFile section */
		857529D629F68C4E00F541C3 /* To_Do_List_AppApp.swift in Sources */ = {isa = PBXBuildFile; fileRef = 857529D529F68C4E00F541C3 /* To_Do_List_AppApp.swift */; };
		857529D829F68C4E00F541C3 /* ContentView.swift in Sources */ = {isa = PBXBuildFile; fileRef = 857529D729F68C4E00F541C3 /* ContentView.swift */; };
		857529DA29F68C5100F541C3 /* Assets.xcassets in Resources */ = {isa = PBXBuildFile; fileRef = 857529D929F68C5100F541C3 /* Assets.xcassets */; };
		857529DE29F68C5100F541C3 /* Preview Assets.xcassets in Resources */ = {isa = PBXBuildFile; fileRef = 857529DD29F68C5100F541C3 /* Preview Assets.xcassets */; };
		857529E829F68C5100F541C3 /* To_Do_List_AppTests.swift in Sources */ = {isa = PBXBuildFile; fileRef = 857529E729F68C5100F541C3 /* To_Do_List_AppTests.swift */; };
		857529F229F68C5100F541C3 /* To_Do_List_AppUITests.swift in Sources */ = {isa = PBXBuildFile; fileRef = 857529F129F68C5100F541C3 /* To_Do_List_AppUITests.swift */; };
		857529F429F68C5100F541C3 /* To_Do_List_AppUITestsLaunchTests.swift in Sources */ = {isa = PBXBuildFile; fileRef = 857529F329F68C5100F541C3 /* To_Do_List_AppUITestsLaunchTests.swift */; };
		85752AB429F985C100F541C3 /* SettingsView.swift in Sources */ = {isa = PBXBuildFile; fileRef = 85752AB329F985C100F541C3 /* SettingsView.swift */; };
		85752AB629F985F900F541C3 /* TaskView.swift in Sources */ = {isa = PBXBuildFile; fileRef = 85752AB529F985F900F541C3 /* TaskView.swift */; };
		85752AB829F9862300F541C3 /* StatisticsView.swift in Sources */ = {isa = PBXBuildFile; fileRef = 85752AB729F9862300F541C3 /* StatisticsView.swift */; };
		85752ABA29F9877600F541C3 /* TaskDetailsView.swift in Sources */ = {isa = PBXBuildFile; fileRef = 85752AB929F9877600F541C3 /* TaskDetailsView.swift */; };
		85752ABC29F987B400F541C3 /* CategorySelection.swift in Sources */ = {isa = PBXBuildFile; fileRef = 85752ABB29F987B400F541C3 /* CategorySelection.swift */; };
		85752ABE29F987E400F541C3 /* TagSelectionView.swift in Sources */ = {isa = PBXBuildFile; fileRef = 85752ABD29F987E400F541C3 /* TagSelectionView.swift */; };
		85752AC129F9886500F541C3 /* SearchBar.swift in Sources */ = {isa = PBXBuildFile; fileRef = 85752AC029F9886500F541C3 /* SearchBar.swift */; };
		85752AC429F9892F00F541C3 /* TaskListViewModel.swift in Sources */ = {isa = PBXBuildFile; fileRef = 85752AC329F9892F00F541C3 /* TaskListViewModel.swift */; };
/* End PBXBuildFile section */

/* Begin PBXContainerItemProxy section */
		857529E429F68C5100F541C3 /* PBXContainerItemProxy */ = {
			isa = PBXContainerItemProxy;
			containerPortal = 857529CA29F68C4E00F541C3 /* Project object */;
			proxyType = 1;
			remoteGlobalIDString = 857529D129F68C4E00F541C3;
			remoteInfo = "To-Do-List-App";
		};
		857529EE29F68C5100F541C3 /* PBXContainerItemProxy */ = {
			isa = PBXContainerItemProxy;
			containerPortal = 857529CA29F68C4E00F541C3 /* Project object */;
			proxyType = 1;
			remoteGlobalIDString = 857529D129F68C4E00F541C3;
			remoteInfo = "To-Do-List-App";
		};
/* End PBXContainerItemProxy section */

/* Begin PBXFileReference section */
		857529D229F68C4E00F541C3 /* To-Do-List-App.app */ = {isa = PBXFileReference; explicitFileType = wrapper.application; includeInIndex = 0; path = "To-Do-List-App.app"; sourceTree = BUILT_PRODUCTS_DIR; };
		857529D529F68C4E00F541C3 /* To_Do_List_AppApp.swift */ = {isa = PBXFileReference; lastKnownFileType = sourcecode.swift; path = To_Do_List_AppApp.swift; sourceTree = "<group>"; };
		857529D729F68C4E00F541C3 /* ContentView.swift */ = {isa = PBXFileReference; lastKnownFileType = sourcecode.swift; path = ContentView.swift; sourceTree = "<group>"; };
		857529D929F68C5100F541C3 /* Assets.xcassets */ = {isa = PBXFileReference; lastKnownFileType = folder.assetcatalog; path = Assets.xcassets; sourceTree = "<group>"; };
		857529DB29F68C5100F541C3 /* To_Do_List_App.entitlements */ = {isa = PBXFileReference; lastKnownFileType = text.plist.entitlements; path = To_Do_List_App.entitlements; sourceTree = "<group>"; };
		857529DD29F68C5100F541C3 /* Preview Assets.xcassets */ = {isa = PBXFileReference; lastKnownFileType = folder.assetcatalog; path = "Preview Assets.xcassets"; sourceTree = "<group>"; };
		857529E329F68C5100F541C3 /* To-Do-List-AppTests.xctest */ = {isa = PBXFileReference; explicitFileType = wrapper.cfbundle; includeInIndex = 0; path = "To-Do-List-AppTests.xctest"; sourceTree = BUILT_PRODUCTS_DIR; };
		857529E729F68C5100F541C3 /* To_Do_List_AppTests.swift */ = {isa = PBXFileReference; lastKnownFileType = sourcecode.swift; path = To_Do_List_AppTests.swift; sourceTree = "<group>"; };
		857529ED29F68C5100F541C3 /* To-Do-List-AppUITests.xctest */ = {isa = PBXFileReference; explicitFileType = wrapper.cfbundle; includeInIndex = 0; path = "To-Do-List-AppUITests.xctest"; sourceTree = BUILT_PRODUCTS_DIR; };
		857529F129F68C5100F541C3 /* To_Do_List_AppUITests.swift */ = {isa = PBXFileReference; lastKnownFileType = sourcecode.swift; path = To_Do_List_AppUITests.swift; sourceTree = "<group>"; };
		857529F329F68C5100F541C3 /* To_Do_List_AppUITestsLaunchTests.swift */ = {isa = PBXFileReference; lastKnownFileType = sourcecode.swift; path = To_Do_List_AppUITestsLaunchTests.swift; sourceTree = "<group>"; };
		85752AB329F985C100F541C3 /* SettingsView.swift */ = {isa = PBXFileReference; lastKnownFileType = sourcecode.swift; path = SettingsView.swift; sourceTree = "<group>"; };
		85752AB529F985F900F541C3 /* TaskView.swift */ = {isa = PBXFileReference; lastKnownFileType = sourcecode.swift; path = TaskView.swift; sourceTree = "<group>"; };
		85752AB729F9862300F541C3 /* StatisticsView.swift */ = {isa = PBXFileReference; lastKnownFileType = sourcecode.swift; path = StatisticsView.swift; sourceTree = "<group>"; };
		85752AB929F9877600F541C3 /* TaskDetailsView.swift */ = {isa = PBXFileReference; lastKnownFileType = sourcecode.swift; path = TaskDetailsView.swift; sourceTree = "<group>"; };
		85752ABB29F987B400F541C3 /* CategorySelection.swift */ = {isa = PBXFileReference; lastKnownFileType = sourcecode.swift; path = CategorySelection.swift; sourceTree = "<group>"; };
		85752ABD29F987E400F541C3 /* TagSelectionView.swift */ = {isa = PBXFileReference; lastKnownFileType = sourcecode.swift; path = TagSelectionView.swift; sourceTree = "<group>"; };
		85752AC029F9886500F541C3 /* SearchBar.swift */ = {isa = PBXFileReference; lastKnownFileType = sourcecode.swift; path = SearchBar.swift; sourceTree = "<group>"; };
		85752AC329F9892F00F541C3 /* TaskListViewModel.swift */ = {isa = PBXFileReference; lastKnownFileType = sourcecode.swift; path = TaskListViewModel.swift; sourceTree = "<group>"; };
/* End PBXFileReference section */

/* Begin PBXFrameworksBuildPhase section */
		857529CF29F68C4E00F541C3 /* Frameworks */ = {
			isa = PBXFrameworksBuildPhase;
			buildActionMask = 2147483647;
			files = (
			);
			runOnlyForDeploymentPostprocessing = 0;
		};
		857529E029F68C5100F541C3 /* Frameworks */ = {
			isa = PBXFrameworksBuildPhase;
			buildActionMask = 2147483647;
			files = (
			);
			runOnlyForDeploymentPostprocessing = 0;
		};
		857529EA29F68C5100F541C3 /* Frameworks */ = {
			isa = PBXFrameworksBuildPhase;
			buildActionMask = 2147483647;
			files = (
			);
			runOnlyForDeploymentPostprocessing = 0;
		};
/* End PBXFrameworksBuildPhase section */

/* Begin PBXGroup section */
		857529C929F68C4E00F541C3 = {
			isa = PBXGroup;
			children = (
				857529D429F68C4E00F541C3 /* To-Do-List-App */,
				857529E629F68C5100F541C3 /* To-Do-List-AppTests */,
				857529F029F68C5100F541C3 /* To-Do-List-AppUITests */,
				857529D329F68C4E00F541C3 /* Products */,
			);
			sourceTree = "<group>";
		};
		857529D329F68C4E00F541C3 /* Products */ = {
			isa = PBXGroup;
			children = (
				857529D229F68C4E00F541C3 /* To-Do-List-App.app */,
				857529E329F68C5100F541C3 /* To-Do-List-AppTests.xctest */,
				857529ED29F68C5100F541C3 /* To-Do-List-AppUITests.xctest */,
			);
			name = Products;
			sourceTree = "<group>";
		};
		857529D429F68C4E00F541C3 /* To-Do-List-App */ = {
			isa = PBXGroup;
			children = (
				85752AC229F9890400F541C3 /* ViewModel */,
				85752AB229F9856000F541C3 /* Views */,
				857529D529F68C4E00F541C3 /* To_Do_List_AppApp.swift */,
				857529D729F68C4E00F541C3 /* ContentView.swift */,
				857529D929F68C5100F541C3 /* Assets.xcassets */,
				857529DB29F68C5100F541C3 /* To_Do_List_App.entitlements */,
				857529DC29F68C5100F541C3 /* Preview Content */,
			);
			path = "To-Do-List-App";
			sourceTree = "<group>";
		};
		857529DC29F68C5100F541C3 /* Preview Content */ = {
			isa = PBXGroup;
			children = (
				857529DD29F68C5100F541C3 /* Preview Assets.xcassets */,
			);
			path = "Preview Content";
			sourceTree = "<group>";
		};
		857529E629F68C5100F541C3 /* To-Do-List-AppTests */ = {
			isa = PBXGroup;
			children = (
				857529E729F68C5100F541C3 /* To_Do_List_AppTests.swift */,
			);
			path = "To-Do-List-AppTests";
			sourceTree = "<group>";
		};
		857529F029F68C5100F541C3 /* To-Do-List-AppUITests */ = {
			isa = PBXGroup;
			children = (
				857529F129F68C5100F541C3 /* To_Do_List_AppUITests.swift */,
				857529F329F68C5100F541C3 /* To_Do_List_AppUITestsLaunchTests.swift */,
			);
			path = "To-Do-List-AppUITests";
			sourceTree = "<group>";
		};
		85752AB229F9856000F541C3 /* Views */ = {
			isa = PBXGroup;
			children = (
				85752ABF29F9884400F541C3 /* Components */,
				85752AB329F985C100F541C3 /* SettingsView.swift */,
				85752AB529F985F900F541C3 /* TaskView.swift */,
				85752AB729F9862300F541C3 /* StatisticsView.swift */,
				85752AB929F9877600F541C3 /* TaskDetailsView.swift */,
				85752ABB29F987B400F541C3 /* CategorySelection.swift */,
				85752ABD29F987E400F541C3 /* TagSelectionView.swift */,
			);
			path = Views;
			sourceTree = "<group>";
		};
		85752ABF29F9884400F541C3 /* Components */ = {
			isa = PBXGroup;
			children = (
				85752AC029F9886500F541C3 /* SearchBar.swift */,
			);
			path = Components;
			sourceTree = "<group>";
		};
		85752AC229F9890400F541C3 /* ViewModel */ = {
			isa = PBXGroup;
			children = (
				85752AC329F9892F00F541C3 /* TaskListViewModel.swift */,
			);
			path = ViewModel;
			sourceTree = "<group>";
		};
/* End PBXGroup section */

/* Begin PBXNativeTarget section */
		857529D129F68C4E00F541C3 /* To-Do-List-App */ = {
			isa = PBXNativeTarget;
			buildConfigurationList = 857529F729F68C5100F541C3 /* Build configuration list for PBXNativeTarget "To-Do-List-App" */;
			buildPhases = (
				857529CE29F68C4E00F541C3 /* Sources */,
				857529CF29F68C4E00F541C3 /* Frameworks */,
				857529D029F68C4E00F541C3 /* Resources */,
			);
			buildRules = (
			);
			dependencies = (
			);
			name = "To-Do-List-App";
			productName = "To-Do-List-App";
			productReference = 857529D229F68C4E00F541C3 /* To-Do-List-App.app */;
			productType = "com.apple.product-type.application";
		};
		857529E229F68C5100F541C3 /* To-Do-List-AppTests */ = {
			isa = PBXNativeTarget;
			buildConfigurationList = 857529FA29F68C5100F541C3 /* Build configuration list for PBXNativeTarget "To-Do-List-AppTests" */;
			buildPhases = (
				857529DF29F68C5100F541C3 /* Sources */,
				857529E029F68C5100F541C3 /* Frameworks */,
				857529E129F68C5100F541C3 /* Resources */,
			);
			buildRules = (
			);
			dependencies = (
				857529E529F68C5100F541C3 /* PBXTargetDependency */,
			);
			name = "To-Do-List-AppTests";
			productName = "To-Do-List-AppTests";
			productReference = 857529E329F68C5100F541C3 /* To-Do-List-AppTests.xctest */;
			productType = "com.apple.product-type.bundle.unit-test";
		};
		857529EC29F68C5100F541C3 /* To-Do-List-AppUITests */ = {
			isa = PBXNativeTarget;
			buildConfigurationList = 857529FD29F68C5100F541C3 /* Build configuration list for PBXNativeTarget "To-Do-List-AppUITests" */;
			buildPhases = (
				857529E929F68C5100F541C3 /* Sources */,
				857529EA29F68C5100F541C3 /* Frameworks */,
				857529EB29F68C5100F541C3 /* Resources */,
			);
			buildRules = (
			);
			dependencies = (
				857529EF29F68C5100F541C3 /* PBXTargetDependency */,
			);
			name = "To-Do-List-AppUITests";
			productName = "To-Do-List-AppUITests";
			productReference = 857529ED29F68C5100F541C3 /* To-Do-List-AppUITests.xctest */;
			productType = "com.apple.product-type.bundle.ui-testing";
		};
/* End PBXNativeTarget section */

/* Begin PBXProject section */
		857529CA29F68C4E00F541C3 /* Project object */ = {
			isa = PBXProject;
			attributes = {
				BuildIndependentTargetsInParallel = 1;
				LastSwiftUpdateCheck = 1430;
				LastUpgradeCheck = 1430;
				TargetAttributes = {
					857529D129F68C4E00F541C3 = {
						CreatedOnToolsVersion = 14.3;
					};
					857529E229F68C5100F541C3 = {
						CreatedOnToolsVersion = 14.3;
						TestTargetID = 857529D129F68C4E00F541C3;
					};
					857529EC29F68C5100F541C3 = {
						CreatedOnToolsVersion = 14.3;
						TestTargetID = 857529D129F68C4E00F541C3;
					};
				};
			};
			buildConfigurationList = 857529CD29F68C4E00F541C3 /* Build configuration list for PBXProject "To-Do-List-App" */;
			compatibilityVersion = "Xcode 14.0";
			developmentRegion = en;
			hasScannedForEncodings = 0;
			knownRegions = (
				en,
				Base,
			);
			mainGroup = 857529C929F68C4E00F541C3;
			productRefGroup = 857529D329F68C4E00F541C3 /* Products */;
			projectDirPath = "";
			projectRoot = "";
			targets = (
				857529D129F68C4E00F541C3 /* To-Do-List-App */,
				857529E229F68C5100F541C3 /* To-Do-List-AppTests */,
				857529EC29F68C5100F541C3 /* To-Do-List-AppUITests */,
			);
		};
/* End PBXProject section */

/* Begin PBXResourcesBuildPhase section */
		857529D029F68C4E00F541C3 /* Resources */ = {
			isa = PBXResourcesBuildPhase;
			buildActionMask = 2147483647;
			files = (
				857529DE29F68C5100F541C3 /* Preview Assets.xcassets in Resources */,
				857529DA29F68C5100F541C3 /* Assets.xcassets in Resources */,
			);
			runOnlyForDeploymentPostprocessing = 0;
		};
		857529E129F68C5100F541C3 /* Resources */ = {
			isa = PBXResourcesBuildPhase;
			buildActionMask = 2147483647;
			files = (
			);
			runOnlyForDeploymentPostprocessing = 0;
		};
		857529EB29F68C5100F541C3 /* Resources */ = {
			isa = PBXResourcesBuildPhase;
			buildActionMask = 2147483647;
			files = (
			);
			runOnlyForDeploymentPostprocessing = 0;
		};
/* End PBXResourcesBuildPhase section */

/* Begin PBXSourcesBuildPhase section */
		857529CE29F68C4E00F541C3 /* Sources */ = {
			isa = PBXSourcesBuildPhase;
			buildActionMask = 2147483647;
			files = (
				85752AB429F985C100F541C3 /* SettingsView.swift in Sources */,
				85752ABC29F987B400F541C3 /* CategorySelection.swift in Sources */,
				85752AB829F9862300F541C3 /* StatisticsView.swift in Sources */,
				85752ABA29F9877600F541C3 /* TaskDetailsView.swift in Sources */,
				857529D829F68C4E00F541C3 /* ContentView.swift in Sources */,
				85752AC129F9886500F541C3 /* SearchBar.swift in Sources */,
				857529D629F68C4E00F541C3 /* To_Do_List_AppApp.swift in Sources */,
				85752AC429F9892F00F541C3 /* TaskListViewModel.swift in Sources */,
				85752ABE29F987E400F541C3 /* TagSelectionView.swift in Sources */,
				85752AB629F985F900F541C3 /* TaskView.swift in Sources */,
			);
			runOnlyForDeploymentPostprocessing = 0;
		};
		857529DF29F68C5100F541C3 /* Sources */ = {
			isa = PBXSourcesBuildPhase;
			buildActionMask = 2147483647;
			files = (
				857529E829F68C5100F541C3 /* To_Do_List_AppTests.swift in Sources */,
			);
			runOnlyForDeploymentPostprocessing = 0;
		};
		857529E929F68C5100F541C3 /* Sources */ = {
			isa = PBXSourcesBuildPhase;
			buildActionMask = 2147483647;
			files = (
				857529F429F68C5100F541C3 /* To_Do_List_AppUITestsLaunchTests.swift in Sources */,
				857529F229F68C5100F541C3 /* To_Do_List_AppUITests.swift in Sources */,
			);
			runOnlyForDeploymentPostprocessing = 0;
		};
/* End PBXSourcesBuildPhase section */

/* Begin PBXTargetDependency section */
		857529E529F68C5100F541C3 /* PBXTargetDependency */ = {
			isa = PBXTargetDependency;
			target = 857529D129F68C4E00F541C3 /* To-Do-List-App */;
			targetProxy = 857529E429F68C5100F541C3 /* PBXContainerItemProxy */;
		};
		857529EF29F68C5100F541C3 /* PBXTargetDependency */ = {
			isa = PBXTargetDependency;
			target = 857529D129F68C4E00F541C3 /* To-Do-List-App */;
			targetProxy = 857529EE29F68C5100F541C3 /* PBXContainerItemProxy */;
		};
/* End PBXTargetDependency section */

/* Begin XCBuildConfiguration section */
		857529F529F68C5100F541C3 /* Debug */ = {
			isa = XCBuildConfiguration;
			buildSettings = {
				ALWAYS_SEARCH_USER_PATHS = NO;
				CLANG_ANALYZER_NONNULL = YES;
				CLANG_ANALYZER_NUMBER_OBJECT_CONVERSION = YES_AGGRESSIVE;
				CLANG_CXX_LANGUAGE_STANDARD = "gnu++20";
				CLANG_ENABLE_MODULES = YES;
				CLANG_ENABLE_OBJC_ARC = YES;
				CLANG_ENABLE_OBJC_WEAK = YES;
				CLANG_WARN_BLOCK_CAPTURE_AUTORELEASING = YES;
				CLANG_WARN_BOOL_CONVERSION = YES;
				CLANG_WARN_COMMA = YES;
				CLANG_WARN_CONSTANT_CONVERSION = YES;
				CLANG_WARN_DEPRECATED_OBJC_IMPLEMENTATIONS = YES;
				CLANG_WARN_DIRECT_OBJC_ISA_USAGE = YES_ERROR;
				CLANG_WARN_DOCUMENTATION_COMMENTS = YES;
				CLANG_WARN_EMPTY_BODY = YES;
				CLANG_WARN_ENUM_CONVERSION = YES;
				CLANG_WARN_INFINITE_RECURSION = YES;
				CLANG_WARN_INT_CONVERSION = YES;
				CLANG_WARN_NON_LITERAL_NULL_CONVERSION = YES;
				CLANG_WARN_OBJC_IMPLICIT_RETAIN_SELF = YES;
				CLANG_WARN_OBJC_LITERAL_CONVERSION = YES;
				CLANG_WARN_OBJC_ROOT_CLASS = YES_ERROR;
				CLANG_WARN_QUOTED_INCLUDE_IN_FRAMEWORK_HEADER = YES;
				CLANG_WARN_RANGE_LOOP_ANALYSIS = YES;
				CLANG_WARN_STRICT_PROTOTYPES = YES;
				CLANG_WARN_SUSPICIOUS_MOVE = YES;
				CLANG_WARN_UNGUARDED_AVAILABILITY = YES_AGGRESSIVE;
				CLANG_WARN_UNREACHABLE_CODE = YES;
				CLANG_WARN__DUPLICATE_METHOD_MATCH = YES;
				COPY_PHASE_STRIP = NO;
				DEBUG_INFORMATION_FORMAT = dwarf;
				ENABLE_STRICT_OBJC_MSGSEND = YES;
				ENABLE_TESTABILITY = YES;
				GCC_C_LANGUAGE_STANDARD = gnu11;
				GCC_DYNAMIC_NO_PIC = NO;
				GCC_NO_COMMON_BLOCKS = YES;
				GCC_OPTIMIZATION_LEVEL = 0;
				GCC_PREPROCESSOR_DEFINITIONS = (
					"DEBUG=1",
					"$(inherited)",
				);
				GCC_WARN_64_TO_32_BIT_CONVERSION = YES;
				GCC_WARN_ABOUT_RETURN_TYPE = YES_ERROR;
				GCC_WARN_UNDECLARED_SELECTOR = YES;
				GCC_WARN_UNINITIALIZED_AUTOS = YES_AGGRESSIVE;
				GCC_WARN_UNUSED_FUNCTION = YES;
				GCC_WARN_UNUSED_VARIABLE = YES;
				MTL_ENABLE_DEBUG_INFO = INCLUDE_SOURCE;
				MTL_FAST_MATH = YES;
				ONLY_ACTIVE_ARCH = YES;
				SWIFT_ACTIVE_COMPILATION_CONDITIONS = DEBUG;
				SWIFT_OPTIMIZATION_LEVEL = "-Onone";
			};
			name = Debug;
		};
		857529F629F68C5100F541C3 /* Release */ = {
			isa = XCBuildConfiguration;
			buildSettings = {
				ALWAYS_SEARCH_USER_PATHS = NO;
				CLANG_ANALYZER_NONNULL = YES;
				CLANG_ANALYZER_NUMBER_OBJECT_CONVERSION = YES_AGGRESSIVE;
				CLANG_CXX_LANGUAGE_STANDARD = "gnu++20";
				CLANG_ENABLE_MODULES = YES;
				CLANG_ENABLE_OBJC_ARC = YES;
				CLANG_ENABLE_OBJC_WEAK = YES;
				CLANG_WARN_BLOCK_CAPTURE_AUTORELEASING = YES;
				CLANG_WARN_BOOL_CONVERSION = YES;
				CLANG_WARN_COMMA = YES;
				CLANG_WARN_CONSTANT_CONVERSION = YES;
				CLANG_WARN_DEPRECATED_OBJC_IMPLEMENTATIONS = YES;
				CLANG_WARN_DIRECT_OBJC_ISA_USAGE = YES_ERROR;
				CLANG_WARN_DOCUMENTATION_COMMENTS = YES;
				CLANG_WARN_EMPTY_BODY = YES;
				CLANG_WARN_ENUM_CONVERSION = YES;
				CLANG_WARN_INFINITE_RECURSION = YES;
				CLANG_WARN_INT_CONVERSION = YES;
				CLANG_WARN_NON_LITERAL_NULL_CONVERSION = YES;
				CLANG_WARN_OBJC_IMPLICIT_RETAIN_SELF = YES;
				CLANG_WARN_OBJC_LITERAL_CONVERSION = YES;
				CLANG_WARN_OBJC_ROOT_CLASS = YES_ERROR;
				CLANG_WARN_QUOTED_INCLUDE_IN_FRAMEWORK_HEADER = YES;
				CLANG_WARN_RANGE_LOOP_ANALYSIS = YES;
				CLANG_WARN_STRICT_PROTOTYPES = YES;
				CLANG_WARN_SUSPICIOUS_MOVE = YES;
				CLANG_WARN_UNGUARDED_AVAILABILITY = YES_AGGRESSIVE;
				CLANG_WARN_UNREACHABLE_CODE = YES;
				CLANG_WARN__DUPLICATE_METHOD_MATCH = YES;
				COPY_PHASE_STRIP = NO;
				DEBUG_INFORMATION_FORMAT = "dwarf-with-dsym";
				ENABLE_NS_ASSERTIONS = NO;
				ENABLE_STRICT_OBJC_MSGSEND = YES;
				GCC_C_LANGUAGE_STANDARD = gnu11;
				GCC_NO_COMMON_BLOCKS = YES;
				GCC_WARN_64_TO_32_BIT_CONVERSION = YES;
				GCC_WARN_ABOUT_RETURN_TYPE = YES_ERROR;
				GCC_WARN_UNDECLARED_SELECTOR = YES;
				GCC_WARN_UNINITIALIZED_AUTOS = YES_AGGRESSIVE;
				GCC_WARN_UNUSED_FUNCTION = YES;
				GCC_WARN_UNUSED_VARIABLE = YES;
				MTL_ENABLE_DEBUG_INFO = NO;
				MTL_FAST_MATH = YES;
				SWIFT_COMPILATION_MODE = wholemodule;
				SWIFT_OPTIMIZATION_LEVEL = "-O";
			};
			name = Release;
		};
		857529F829F68C5100F541C3 /* Debug */ = {
			isa = XCBuildConfiguration;
			buildSettings = {
				ASSETCATALOG_COMPILER_APPICON_NAME = AppIcon;
				ASSETCATALOG_COMPILER_GLOBAL_ACCENT_COLOR_NAME = AccentColor;
				CODE_SIGN_ENTITLEMENTS = "To-Do-List-App/To_Do_List_App.entitlements";
				CODE_SIGN_STYLE = Automatic;
				CURRENT_PROJECT_VERSION = 1;
				DEVELOPMENT_ASSET_PATHS = "\"To-Do-List-App/Preview Content\"";
				ENABLE_PREVIEWS = YES;
				GENERATE_INFOPLIST_FILE = YES;
				"INFOPLIST_KEY_UIApplicationSceneManifest_Generation[sdk=iphoneos*]" = YES;
				"INFOPLIST_KEY_UIApplicationSceneManifest_Generation[sdk=iphonesimulator*]" = YES;
				"INFOPLIST_KEY_UIApplicationSupportsIndirectInputEvents[sdk=iphoneos*]" = YES;
				"INFOPLIST_KEY_UIApplicationSupportsIndirectInputEvents[sdk=iphonesimulator*]" = YES;
				"INFOPLIST_KEY_UILaunchScreen_Generation[sdk=iphoneos*]" = YES;
				"INFOPLIST_KEY_UILaunchScreen_Generation[sdk=iphonesimulator*]" = YES;
				"INFOPLIST_KEY_UIStatusBarStyle[sdk=iphoneos*]" = UIStatusBarStyleDefault;
				"INFOPLIST_KEY_UIStatusBarStyle[sdk=iphonesimulator*]" = UIStatusBarStyleDefault;
				INFOPLIST_KEY_UISupportedInterfaceOrientations_iPad = "UIInterfaceOrientationPortrait UIInterfaceOrientationPortraitUpsideDown UIInterfaceOrientationLandscapeLeft UIInterfaceOrientationLandscapeRight";
				INFOPLIST_KEY_UISupportedInterfaceOrientations_iPhone = "UIInterfaceOrientationPortrait UIInterfaceOrientationLandscapeLeft UIInterfaceOrientationLandscapeRight";
				IPHONEOS_DEPLOYMENT_TARGET = 16.4;
				LD_RUNPATH_SEARCH_PATHS = "@executable_path/Frameworks";
				"LD_RUNPATH_SEARCH_PATHS[sdk=macosx*]" = "@executable_path/../Frameworks";
				MACOSX_DEPLOYMENT_TARGET = 13.3;
				MARKETING_VERSION = 1.0;
				PRODUCT_BUNDLE_IDENTIFIER = "com.isaiahojo.To-Do-List-App";
				PRODUCT_NAME = "$(TARGET_NAME)";
				SDKROOT = auto;
				SUPPORTED_PLATFORMS = "iphoneos iphonesimulator macosx";
				SWIFT_EMIT_LOC_STRINGS = YES;
				SWIFT_VERSION = 5.0;
				TARGETED_DEVICE_FAMILY = "1,2";
			};
			name = Debug;
		};
		857529F929F68C5100F541C3 /* Release */ = {
			isa = XCBuildConfiguration;
			buildSettings = {
				ASSETCATALOG_COMPILER_APPICON_NAME = AppIcon;
				ASSETCATALOG_COMPILER_GLOBAL_ACCENT_COLOR_NAME = AccentColor;
				CODE_SIGN_ENTITLEMENTS = "To-Do-List-App/To_Do_List_App.entitlements";
				CODE_SIGN_STYLE = Automatic;
				CURRENT_PROJECT_VERSION = 1;
				DEVELOPMENT_ASSET_PATHS = "\"To-Do-List-App/Preview Content\"";
				ENABLE_PREVIEWS = YES;
				GENERATE_INFOPLIST_FILE = YES;
				"INFOPLIST_KEY_UIApplicationSceneManifest_Generation[sdk=iphoneos*]" = YES;
				"INFOPLIST_KEY_UIApplicationSceneManifest_Generation[sdk=iphonesimulator*]" = YES;
				"INFOPLIST_KEY_UIApplicationSupportsIndirectInputEvents[sdk=iphoneos*]" = YES;
				"INFOPLIST_KEY_UIApplicationSupportsIndirectInputEvents[sdk=iphonesimulator*]" = YES;
				"INFOPLIST_KEY_UILaunchScreen_Generation[sdk=iphoneos*]" = YES;
				"INFOPLIST_KEY_UILaunchScreen_Generation[sdk=iphonesimulator*]" = YES;
				"INFOPLIST_KEY_UIStatusBarStyle[sdk=iphoneos*]" = UIStatusBarStyleDefault;
				"INFOPLIST_KEY_UIStatusBarStyle[sdk=iphonesimulator*]" = UIStatusBarStyleDefault;
				INFOPLIST_KEY_UISupportedInterfaceOrientations_iPad = "UIInterfaceOrientationPortrait UIInterfaceOrientationPortraitUpsideDown UIInterfaceOrientationLandscapeLeft UIInterfaceOrientationLandscapeRight";
				INFOPLIST_KEY_UISupportedInterfaceOrientations_iPhone = "UIInterfaceOrientationPortrait UIInterfaceOrientationLandscapeLeft UIInterfaceOrientationLandscapeRight";
				IPHONEOS_DEPLOYMENT_TARGET = 16.4;
				LD_RUNPATH_SEARCH_PATHS = "@executable_path/Frameworks";
				"LD_RUNPATH_SEARCH_PATHS[sdk=macosx*]" = "@executable_path/../Frameworks";
				MACOSX_DEPLOYMENT_TARGET = 13.3;
				MARKETING_VERSION = 1.0;
				PRODUCT_BUNDLE_IDENTIFIER = "com.isaiahojo.To-Do-List-App";
				PRODUCT_NAME = "$(TARGET_NAME)";
				SDKROOT = auto;
				SUPPORTED_PLATFORMS = "iphoneos iphonesimulator macosx";
				SWIFT_EMIT_LOC_STRINGS = YES;
				SWIFT_VERSION = 5.0;
				TARGETED_DEVICE_FAMILY = "1,2";
			};
			name = Release;
		};
		857529FB29F68C5100F541C3 /* Debug */ = {
			isa = XCBuildConfiguration;
			buildSettings = {
				ALWAYS_EMBED_SWIFT_STANDARD_LIBRARIES = YES;
				BUNDLE_LOADER = "$(TEST_HOST)";
				CODE_SIGN_STYLE = Automatic;
				CURRENT_PROJECT_VERSION = 1;
				GENERATE_INFOPLIST_FILE = YES;
				IPHONEOS_DEPLOYMENT_TARGET = 16.4;
				MACOSX_DEPLOYMENT_TARGET = 13.3;
				MARKETING_VERSION = 1.0;
				PRODUCT_BUNDLE_IDENTIFIER = "com.isaiahojo.To-Do-List-AppTests";
				PRODUCT_NAME = "$(TARGET_NAME)";
				SDKROOT = auto;
				SUPPORTED_PLATFORMS = "iphoneos iphonesimulator macosx";
				SWIFT_EMIT_LOC_STRINGS = NO;
				SWIFT_VERSION = 5.0;
				TARGETED_DEVICE_FAMILY = "1,2";
				TEST_HOST = "$(BUILT_PRODUCTS_DIR)/To-Do-List-App.app/$(BUNDLE_EXECUTABLE_FOLDER_PATH)/To-Do-List-App";
			};
			name = Debug;
		};
		857529FC29F68C5100F541C3 /* Release */ = {
			isa = XCBuildConfiguration;
			buildSettings = {
				ALWAYS_EMBED_SWIFT_STANDARD_LIBRARIES = YES;
				BUNDLE_LOADER = "$(TEST_HOST)";
				CODE_SIGN_STYLE = Automatic;
				CURRENT_PROJECT_VERSION = 1;
				GENERATE_INFOPLIST_FILE = YES;
				IPHONEOS_DEPLOYMENT_TARGET = 16.4;
				MACOSX_DEPLOYMENT_TARGET = 13.3;
				MARKETING_VERSION = 1.0;
				PRODUCT_BUNDLE_IDENTIFIER = "com.isaiahojo.To-Do-List-AppTests";
				PRODUCT_NAME = "$(TARGET_NAME)";
				SDKROOT = auto;
				SUPPORTED_PLATFORMS = "iphoneos iphonesimulator macosx";
				SWIFT_EMIT_LOC_STRINGS = NO;
				SWIFT_VERSION = 5.0;
				TARGETED_DEVICE_FAMILY = "1,2";
				TEST_HOST = "$(BUILT_PRODUCTS_DIR)/To-Do-List-App.app/$(BUNDLE_EXECUTABLE_FOLDER_PATH)/To-Do-List-App";
			};
			name = Release;
		};
		857529FE29F68C5100F541C3 /* Debug */ = {
			isa = XCBuildConfiguration;
			buildSettings = {
				ALWAYS_EMBED_SWIFT_STANDARD_LIBRARIES = YES;
				CODE_SIGN_STYLE = Automatic;
				CURRENT_PROJECT_VERSION = 1;
				GENERATE_INFOPLIST_FILE = YES;
				IPHONEOS_DEPLOYMENT_TARGET = 16.4;
				MACOSX_DEPLOYMENT_TARGET = 13.3;
				MARKETING_VERSION = 1.0;
				PRODUCT_BUNDLE_IDENTIFIER = "com.isaiahojo.To-Do-List-AppUITests";
				PRODUCT_NAME = "$(TARGET_NAME)";
				SDKROOT = auto;
				SUPPORTED_PLATFORMS = "iphoneos iphonesimulator macosx";
				SWIFT_EMIT_LOC_STRINGS = NO;
				SWIFT_VERSION = 5.0;
				TARGETED_DEVICE_FAMILY = "1,2";
				TEST_TARGET_NAME = "To-Do-List-App";
			};
			name = Debug;
		};
		857529FF29F68C5100F541C3 /* Release */ = {
			isa = XCBuildConfiguration;
			buildSettings = {
				ALWAYS_EMBED_SWIFT_STANDARD_LIBRARIES = YES;
				CODE_SIGN_STYLE = Automatic;
				CURRENT_PROJECT_VERSION = 1;
				GENERATE_INFOPLIST_FILE = YES;
				IPHONEOS_DEPLOYMENT_TARGET = 16.4;
				MACOSX_DEPLOYMENT_TARGET = 13.3;
				MARKETING_VERSION = 1.0;
				PRODUCT_BUNDLE_IDENTIFIER = "com.isaiahojo.To-Do-List-AppUITests";
				PRODUCT_NAME = "$(TARGET_NAME)";
				SDKROOT = auto;
				SUPPORTED_PLATFORMS = "iphoneos iphonesimulator macosx";
				SWIFT_EMIT_LOC_STRINGS = NO;
				SWIFT_VERSION = 5.0;
				TARGETED_DEVICE_FAMILY = "1,2";
				TEST_TARGET_NAME = "To-Do-List-App";
			};
			name = Release;
		};
/* End XCBuildConfiguration section */

/* Begin XCConfigurationList section */
		857529CD29F68C4E00F541C3 /* Build configuration list for PBXProject "To-Do-List-App" */ = {
			isa = XCConfigurationList;
			buildConfigurations = (
				857529F529F68C5100F541C3 /* Debug */,
				857529F629F68C5100F541C3 /* Release */,
			);
			defaultConfigurationIsVisible = 0;
			defaultConfigurationName = Release;
		};
		857529F729F68C5100F541C3 /* Build configuration list for PBXNativeTarget "To-Do-List-App" */ = {
			isa = XCConfigurationList;
			buildConfigurations = (
				857529F829F68C5100F541C3 /* Debug */,
				857529F929F68C5100F541C3 /* Release */,
			);
			defaultConfigurationIsVisible = 0;
			defaultConfigurationName = Release;
		};
		857529FA29F68C5100F541C3 /* Build configuration list for PBXNativeTarget "To-Do-List-AppTests" */ = {
			isa = XCConfigurationList;
			buildConfigurations = (
				857529FB29F68C5100F541C3 /* Debug */,
				857529FC29F68C5100F541C3 /* Release */,
			);
			defaultConfigurationIsVisible = 0;
			defaultConfigurationName = Release;
		};
		857529FD29F68C5100F541C3 /* Build configuration list for PBXNativeTarget "To-Do-List-AppUITests" */ = {
			isa = XCConfigurationList;
			buildConfigurations = (
				857529FE29F68C5100F541C3 /* Debug */,
				857529FF29F68C5100F541C3 /* Release */,
			);
			defaultConfigurationIsVisible = 0;
			defaultConfigurationName = Release;
		};
/* End XCConfigurationList section */
	};
	rootObject = 857529CA29F68C4E00F541C3 /* Project object */;
}
